
Microsoft Visual Studio Solution File, Format Version 12.00
# Visual Studio Version 16
VisualStudioVersion = 16.0.32510.428
MinimumVisualStudioVersion = 10.0.40219.1
Project("{8BC9CEB8-8B4A-11D0-8D11-00A0C91BC942}") = "system of DE Runge-Kutta 4th order", "3. System of DE IDZ 4.2.3\3. System of DE IDZ 4.2.3.vcxproj", "{F195B3FA-9903-4E92-8CC8-462CF69501D4}"
EndProject
Project("{8BC9CEB8-8B4A-11D0-8D11-00A0C91BC942}") = "System of DE Euler", "System of DE Euler\System of DE Euler.vcxproj", "{5EA06386-2C54-4958-B857-BB979B398916}"
EndProject
Project("{8BC9CEB8-8B4A-11D0-8D11-00A0C91BC942}") = "system of DE Runge-Kutta 5th order", "system of DE Runge-Kutta 5th order\system of DE Runge-Kutta 5th order.vcxproj", "{F4AF4FDF-694E-4EE7-B9D4-25E48C7392A9}"
EndProject
Project("{8BC9CEB8-8B4A-11D0-8D11-00A0C91BC942}") = "system of DE Adams-Bashforth 4th order", "system of DE Adams-Bashforth 4th order\system of DE Adams-Bashforth 4th order.vcxproj", "{99774CCC-68DC-4E8C-913F-96B6080E650C}"
EndProject
Project("{8BC9CEB8-8B4A-11D0-8D11-00A0C91BC942}") = "system of DE Adams-Moulton 4th order", "system of DE Adams-Moulton 4th order\system of DE Adams-Moulton 4th order.vcxproj", "{5FDD458C-AB26-4658-9216-0704AEA77DC4}"
EndProject
Global
	GlobalSection(SolutionConfigurationPlatforms) = preSolution
		Debug|x64 = Debug|x64
		Debug|x86 = Debug|x86
		Release|x64 = Release|x64
		Release|x86 = Release|x86
	EndGlobalSection
	GlobalSection(ProjectConfigurationPlatforms) = postSolution
		{F195B3FA-9903-4E92-8CC8-462CF69501D4}.Debug|x64.ActiveCfg = Debug|x64
		{F195B3FA-9903-4E92-8CC8-462CF69501D4}.Debug|x64.Build.0 = Debug|x64
		{F195B3FA-9903-4E92-8CC8-462CF69501D4}.Debug|x86.ActiveCfg = Debug|Win32
		{F195B3FA-9903-4E92-8CC8-462CF69501D4}.Debug|x86.Build.0 = Debug|Win32
		{F195B3FA-9903-4E92-8CC8-462CF69501D4}.Release|x64.ActiveCfg = Release|x64
		{F195B3FA-9903-4E92-8CC8-462CF69501D4}.Release|x64.Build.0 = Release|x64
		{F195B3FA-9903-4E92-8CC8-462CF69501D4}.Release|x86.ActiveCfg = Release|Win32
		{F195B3FA-9903-4E92-8CC8-462CF69501D4}.Release|x86.Build.0 = Release|Win32
		{5EA06386-2C54-4958-B857-BB979B398916}.Debug|x64.ActiveCfg = Debug|x64
		{5EA06386-2C54-4958-B857-BB979B398916}.Debug|x64.Build.0 = Debug|x64
		{5EA06386-2C54-4958-B857-BB979B398916}.Debug|x86.ActiveCfg = Debug|Win32
		{5EA06386-2C54-4958-B857-BB979B398916}.Debug|x86.Build.0 = Debug|Win32
		{5EA06386-2C54-4958-B857-BB979B398916}.Release|x64.ActiveCfg = Release|x64
		{5EA06386-2C54-4958-B857-BB979B398916}.Release|x64.Build.0 = Release|x64
		{5EA06386-2C54-4958-B857-BB979B398916}.Release|x86.ActiveCfg = Release|Win32
		{5EA06386-2C54-4958-B857-BB979B398916}.Release|x86.Build.0 = Release|Win32
		{F4AF4FDF-694E-4EE7-B9D4-25E48C7392A9}.Debug|x64.ActiveCfg = Debug|x64
		{F4AF4FDF-694E-4EE7-B9D4-25E48C7392A9}.Debug|x64.Build.0 = Debug|x64
		{F4AF4FDF-694E-4EE7-B9D4-25E48C7392A9}.Debug|x86.ActiveCfg = Debug|Win32
		{F4AF4FDF-694E-4EE7-B9D4-25E48C7392A9}.Debug|x86.Build.0 = Debug|Win32
		{F4AF4FDF-694E-4EE7-B9D4-25E48C7392A9}.Release|x64.ActiveCfg = Release|x64
		{F4AF4FDF-694E-4EE7-B9D4-25E48C7392A9}.Release|x64.Build.0 = Release|x64
		{F4AF4FDF-694E-4EE7-B9D4-25E48C7392A9}.Release|x86.ActiveCfg = Release|Win32
		{F4AF4FDF-694E-4EE7-B9D4-25E48C7392A9}.Release|x86.Build.0 = Release|Win32
		{99774CCC-68DC-4E8C-913F-96B6080E650C}.Debug|x64.ActiveCfg = Debug|x64
		{99774CCC-68DC-4E8C-913F-96B6080E650C}.Debug|x64.Build.0 = Debug|x64
		{99774CCC-68DC-4E8C-913F-96B6080E650C}.Debug|x86.ActiveCfg = Debug|Win32
		{99774CCC-68DC-4E8C-913F-96B6080E650C}.Debug|x86.Build.0 = Debug|Win32
		{99774CCC-68DC-4E8C-913F-96B6080E650C}.Release|x64.ActiveCfg = Release|x64
		{99774CCC-68DC-4E8C-913F-96B6080E650C}.Release|x64.Build.0 = Release|x64
		{99774CCC-68DC-4E8C-913F-96B6080E650C}.Release|x86.ActiveCfg = Release|Win32
		{99774CCC-68DC-4E8C-913F-96B6080E650C}.Release|x86.Build.0 = Release|Win32
		{5FDD458C-AB26-4658-9216-0704AEA77DC4}.Debug|x64.ActiveCfg = Debug|x64
		{5FDD458C-AB26-4658-9216-0704AEA77DC4}.Debug|x64.Build.0 = Debug|x64
		{5FDD458C-AB26-4658-9216-0704AEA77DC4}.Debug|x86.ActiveCfg = Debug|Win32
		{5FDD458C-AB26-4658-9216-0704AEA77DC4}.Debug|x86.Build.0 = Debug|Win32
		{5FDD458C-AB26-4658-9216-0704AEA77DC4}.Release|x64.ActiveCfg = Release|x64
		{5FDD458C-AB26-4658-9216-0704AEA77DC4}.Release|x64.Build.0 = Release|x64
		{5FDD458C-AB26-4658-9216-0704AEA77DC4}.Release|x86.ActiveCfg = Release|Win32
		{5FDD458C-AB26-4658-9216-0704AEA77DC4}.Release|x86.Build.0 = Release|Win32
	EndGlobalSection
	GlobalSection(SolutionProperties) = preSolution
		HideSolutionNode = FALSE
	EndGlobalSection
	GlobalSection(ExtensibilityGlobals) = postSolution
		SolutionGuid = {401B1A54-10A1-49AA-9EA4-411C39781367}
	EndGlobalSection
EndGlobal
