
Microsoft Visual Studio Solution File, Format Version 12.00
# Visual Studio Version 16
VisualStudioVersion = 16.0.32510.428
MinimumVisualStudioVersion = 10.0.40219.1
Project("{FAE04EC0-301F-11D3-BF4B-00C04F79EFBC}") = "CourseOfcourse", "CourseOfcourse\CourseOfcourse.csproj", "{D0EA7F6E-3F3C-4B76-94B0-7CE57BC2C873}"
EndProject
Global
	GlobalSection(SolutionConfigurationPlatforms) = preSolution
		Debug|Any CPU = Debug|Any CPU
		Release|Any CPU = Release|Any CPU
	EndGlobalSection
	GlobalSection(ProjectConfigurationPlatforms) = postSolution
		{D0EA7F6E-3F3C-4B76-94B0-7CE57BC2C873}.Debug|Any CPU.ActiveCfg = Debug|Any CPU
		{D0EA7F6E-3F3C-4B76-94B0-7CE57BC2C873}.Debug|Any CPU.Build.0 = Debug|Any CPU
		{D0EA7F6E-3F3C-4B76-94B0-7CE57BC2C873}.Release|Any CPU.ActiveCfg = Release|Any CPU
		{D0EA7F6E-3F3C-4B76-94B0-7CE57BC2C873}.Release|Any CPU.Build.0 = Release|Any CPU
	EndGlobalSection
	GlobalSection(SolutionProperties) = preSolution
		HideSolutionNode = FALSE
	EndGlobalSection
	GlobalSection(ExtensibilityGlobals) = postSolution
		SolutionGuid = {587AC853-936E-4297-80B5-A05F4C2994AF}
	EndGlobalSection
EndGlobal
