
Microsoft Visual Studio Solution File, Format Version 12.00
# Visual Studio Version 16
VisualStudioVersion = 16.0.32413.511
MinimumVisualStudioVersion = 10.0.40219.1
Project("{8BC9CEB8-8B4A-11D0-8D11-00A0C91BC942}") = "Tech 4.1 LR", "Tech 4.1 LR\Tech 4.1 LR.vcxproj", "{0E6F7EA6-9DF7-457A-8BAD-648A6F900CB4}"
EndProject
Global
	GlobalSection(SolutionConfigurationPlatforms) = preSolution
		Debug|x64 = Debug|x64
		Debug|x86 = Debug|x86
		Release|x64 = Release|x64
		Release|x86 = Release|x86
	EndGlobalSection
	GlobalSection(ProjectConfigurationPlatforms) = postSolution
		{0E6F7EA6-9DF7-457A-8BAD-648A6F900CB4}.Debug|x64.ActiveCfg = Debug|x64
		{0E6F7EA6-9DF7-457A-8BAD-648A6F900CB4}.Debug|x64.Build.0 = Debug|x64
		{0E6F7EA6-9DF7-457A-8BAD-648A6F900CB4}.Debug|x86.ActiveCfg = Debug|Win32
		{0E6F7EA6-9DF7-457A-8BAD-648A6F900CB4}.Debug|x86.Build.0 = Debug|Win32
		{0E6F7EA6-9DF7-457A-8BAD-648A6F900CB4}.Release|x64.ActiveCfg = Release|x64
		{0E6F7EA6-9DF7-457A-8BAD-648A6F900CB4}.Release|x64.Build.0 = Release|x64
		{0E6F7EA6-9DF7-457A-8BAD-648A6F900CB4}.Release|x86.ActiveCfg = Release|Win32
		{0E6F7EA6-9DF7-457A-8BAD-648A6F900CB4}.Release|x86.Build.0 = Release|Win32
	EndGlobalSection
	GlobalSection(SolutionProperties) = preSolution
		HideSolutionNode = FALSE
	EndGlobalSection
	GlobalSection(ExtensibilityGlobals) = postSolution
		SolutionGuid = {ECCF5365-9952-45F0-B80D-7AFD0AF1934F}
	EndGlobalSection
EndGlobal
