
Microsoft Visual Studio Solution File, Format Version 12.00
# Visual Studio Version 17
VisualStudioVersion = 17.8.34511.84
MinimumVisualStudioVersion = 10.0.40219.1
Project("{FAE04EC0-301F-11D3-BF4B-00C04F79EFBC}") = "Ilya_lab2", "Ilya_lab2\Ilya_lab2.csproj", "{8824D5EC-BC80-4000-BFD8-F462CFCEED62}"
EndProject
Global
	GlobalSection(SolutionConfigurationPlatforms) = preSolution
		Debug|Any CPU = Debug|Any CPU
		Release|Any CPU = Release|Any CPU
	EndGlobalSection
	GlobalSection(ProjectConfigurationPlatforms) = postSolution
		{8824D5EC-BC80-4000-BFD8-F462CFCEED62}.Debug|Any CPU.ActiveCfg = Debug|Any CPU
		{8824D5EC-BC80-4000-BFD8-F462CFCEED62}.Debug|Any CPU.Build.0 = Debug|Any CPU
		{8824D5EC-BC80-4000-BFD8-F462CFCEED62}.Release|Any CPU.ActiveCfg = Release|Any CPU
		{8824D5EC-BC80-4000-BFD8-F462CFCEED62}.Release|Any CPU.Build.0 = Release|Any CPU
	EndGlobalSection
	GlobalSection(SolutionProperties) = preSolution
		HideSolutionNode = FALSE
	EndGlobalSection
	GlobalSection(ExtensibilityGlobals) = postSolution
		SolutionGuid = {A8157646-AA01-4BAC-B5C7-345D504CFBD9}
	EndGlobalSection
EndGlobal
