
Microsoft Visual Studio Solution File, Format Version 12.00
# Visual Studio Version 16
VisualStudioVersion = 16.0.32510.428
MinimumVisualStudioVersion = 10.0.40219.1
Project("{8BC9CEB8-8B4A-11D0-8D11-00A0C91BC942}") = "Euler method", "System of DU IDZ 4.2.2\System of DU IDZ 4.2.2.vcxproj", "{F2FB715D-A128-402E-B2CB-E15BE88139B8}"
EndProject
Project("{8BC9CEB8-8B4A-11D0-8D11-00A0C91BC942}") = "system of DE Runge-Kutta 4th order", "system of DE Runge-Kutta 4th order\system of DE Runge-Kutta 4th order.vcxproj", "{127DE39C-8D61-4953-9711-072474205E32}"
EndProject
Project("{8BC9CEB8-8B4A-11D0-8D11-00A0C91BC942}") = "system of DE Runge-Kutta 5th order", "system of DE Runge-Kutta 5th order\system of DE Runge-Kutta 5th order.vcxproj", "{8DD01B2F-D2B3-44EE-8F95-5E1892FE9003}"
EndProject
Project("{8BC9CEB8-8B4A-11D0-8D11-00A0C91BC942}") = "system of DE Adams-Moulton 4th order", "system of DE Adams-Moulton 4th order\system of DE Adams-Moulton 4th order.vcxproj", "{1E57A114-137B-46B5-92BA-FC8E506183A6}"
EndProject
Project("{8BC9CEB8-8B4A-11D0-8D11-00A0C91BC942}") = "system of DE Adams-Bashforth 4th order", "system of DE Adams-Bashforth 4th order\system of DE Adams-Bashforth 4th order.vcxproj", "{AF1482F8-B459-4933-AECA-4858F5C13221}"
EndProject
Global
	GlobalSection(SolutionConfigurationPlatforms) = preSolution
		Debug|x64 = Debug|x64
		Debug|x86 = Debug|x86
		Release|x64 = Release|x64
		Release|x86 = Release|x86
	EndGlobalSection
	GlobalSection(ProjectConfigurationPlatforms) = postSolution
		{F2FB715D-A128-402E-B2CB-E15BE88139B8}.Debug|x64.ActiveCfg = Debug|x64
		{F2FB715D-A128-402E-B2CB-E15BE88139B8}.Debug|x64.Build.0 = Debug|x64
		{F2FB715D-A128-402E-B2CB-E15BE88139B8}.Debug|x86.ActiveCfg = Debug|Win32
		{F2FB715D-A128-402E-B2CB-E15BE88139B8}.Debug|x86.Build.0 = Debug|Win32
		{F2FB715D-A128-402E-B2CB-E15BE88139B8}.Release|x64.ActiveCfg = Release|x64
		{F2FB715D-A128-402E-B2CB-E15BE88139B8}.Release|x64.Build.0 = Release|x64
		{F2FB715D-A128-402E-B2CB-E15BE88139B8}.Release|x86.ActiveCfg = Release|Win32
		{F2FB715D-A128-402E-B2CB-E15BE88139B8}.Release|x86.Build.0 = Release|Win32
		{127DE39C-8D61-4953-9711-072474205E32}.Debug|x64.ActiveCfg = Debug|x64
		{127DE39C-8D61-4953-9711-072474205E32}.Debug|x64.Build.0 = Debug|x64
		{127DE39C-8D61-4953-9711-072474205E32}.Debug|x86.ActiveCfg = Debug|Win32
		{127DE39C-8D61-4953-9711-072474205E32}.Debug|x86.Build.0 = Debug|Win32
		{127DE39C-8D61-4953-9711-072474205E32}.Release|x64.ActiveCfg = Release|x64
		{127DE39C-8D61-4953-9711-072474205E32}.Release|x64.Build.0 = Release|x64
		{127DE39C-8D61-4953-9711-072474205E32}.Release|x86.ActiveCfg = Release|Win32
		{127DE39C-8D61-4953-9711-072474205E32}.Release|x86.Build.0 = Release|Win32
		{8DD01B2F-D2B3-44EE-8F95-5E1892FE9003}.Debug|x64.ActiveCfg = Debug|x64
		{8DD01B2F-D2B3-44EE-8F95-5E1892FE9003}.Debug|x64.Build.0 = Debug|x64
		{8DD01B2F-D2B3-44EE-8F95-5E1892FE9003}.Debug|x86.ActiveCfg = Debug|Win32
		{8DD01B2F-D2B3-44EE-8F95-5E1892FE9003}.Debug|x86.Build.0 = Debug|Win32
		{8DD01B2F-D2B3-44EE-8F95-5E1892FE9003}.Release|x64.ActiveCfg = Release|x64
		{8DD01B2F-D2B3-44EE-8F95-5E1892FE9003}.Release|x64.Build.0 = Release|x64
		{8DD01B2F-D2B3-44EE-8F95-5E1892FE9003}.Release|x86.ActiveCfg = Release|Win32
		{8DD01B2F-D2B3-44EE-8F95-5E1892FE9003}.Release|x86.Build.0 = Release|Win32
		{1E57A114-137B-46B5-92BA-FC8E506183A6}.Debug|x64.ActiveCfg = Debug|x64
		{1E57A114-137B-46B5-92BA-FC8E506183A6}.Debug|x64.Build.0 = Debug|x64
		{1E57A114-137B-46B5-92BA-FC8E506183A6}.Debug|x86.ActiveCfg = Debug|Win32
		{1E57A114-137B-46B5-92BA-FC8E506183A6}.Debug|x86.Build.0 = Debug|Win32
		{1E57A114-137B-46B5-92BA-FC8E506183A6}.Release|x64.ActiveCfg = Release|x64
		{1E57A114-137B-46B5-92BA-FC8E506183A6}.Release|x64.Build.0 = Release|x64
		{1E57A114-137B-46B5-92BA-FC8E506183A6}.Release|x86.ActiveCfg = Release|Win32
		{1E57A114-137B-46B5-92BA-FC8E506183A6}.Release|x86.Build.0 = Release|Win32
		{AF1482F8-B459-4933-AECA-4858F5C13221}.Debug|x64.ActiveCfg = Debug|x64
		{AF1482F8-B459-4933-AECA-4858F5C13221}.Debug|x64.Build.0 = Debug|x64
		{AF1482F8-B459-4933-AECA-4858F5C13221}.Debug|x86.ActiveCfg = Debug|Win32
		{AF1482F8-B459-4933-AECA-4858F5C13221}.Debug|x86.Build.0 = Debug|Win32
		{AF1482F8-B459-4933-AECA-4858F5C13221}.Release|x64.ActiveCfg = Release|x64
		{AF1482F8-B459-4933-AECA-4858F5C13221}.Release|x64.Build.0 = Release|x64
		{AF1482F8-B459-4933-AECA-4858F5C13221}.Release|x86.ActiveCfg = Release|Win32
		{AF1482F8-B459-4933-AECA-4858F5C13221}.Release|x86.Build.0 = Release|Win32
	EndGlobalSection
	GlobalSection(SolutionProperties) = preSolution
		HideSolutionNode = FALSE
	EndGlobalSection
	GlobalSection(ExtensibilityGlobals) = postSolution
		SolutionGuid = {2E20F572-745F-465F-93BC-ED3B18940B35}
	EndGlobalSection
EndGlobal
