
Microsoft Visual Studio Solution File, Format Version 12.00
# Visual Studio Version 16
VisualStudioVersion = 16.0.32510.428
MinimumVisualStudioVersion = 10.0.40219.1
Project("{8BC9CEB8-8B4A-11D0-8D11-00A0C91BC942}") = "[NM] 1.1", "[NM] 1.1\[NM] 1.1.vcxproj", "{B83FF8F6-7F26-479A-B7E1-F7D8BF22FEF7}"
EndProject
Global
	GlobalSection(SolutionConfigurationPlatforms) = preSolution
		Debug|x64 = Debug|x64
		Debug|x86 = Debug|x86
		Release|x64 = Release|x64
		Release|x86 = Release|x86
	EndGlobalSection
	GlobalSection(ProjectConfigurationPlatforms) = postSolution
		{B83FF8F6-7F26-479A-B7E1-F7D8BF22FEF7}.Debug|x64.ActiveCfg = Debug|x64
		{B83FF8F6-7F26-479A-B7E1-F7D8BF22FEF7}.Debug|x64.Build.0 = Debug|x64
		{B83FF8F6-7F26-479A-B7E1-F7D8BF22FEF7}.Debug|x86.ActiveCfg = Debug|Win32
		{B83FF8F6-7F26-479A-B7E1-F7D8BF22FEF7}.Debug|x86.Build.0 = Debug|Win32
		{B83FF8F6-7F26-479A-B7E1-F7D8BF22FEF7}.Release|x64.ActiveCfg = Release|x64
		{B83FF8F6-7F26-479A-B7E1-F7D8BF22FEF7}.Release|x64.Build.0 = Release|x64
		{B83FF8F6-7F26-479A-B7E1-F7D8BF22FEF7}.Release|x86.ActiveCfg = Release|Win32
		{B83FF8F6-7F26-479A-B7E1-F7D8BF22FEF7}.Release|x86.Build.0 = Release|Win32
	EndGlobalSection
	GlobalSection(SolutionProperties) = preSolution
		HideSolutionNode = FALSE
	EndGlobalSection
	GlobalSection(ExtensibilityGlobals) = postSolution
		SolutionGuid = {B9DC12EE-E50B-4FB3-BBB3-573EC14A55CB}
	EndGlobalSection
EndGlobal
