
Microsoft Visual Studio Solution File, Format Version 12.00
# Visual Studio Version 16
VisualStudioVersion = 16.0.31624.102
MinimumVisualStudioVersion = 10.0.40219.1
Project("{8BC9CEB8-8B4A-11D0-8D11-00A0C91BC942}") = "Programming IDZ", "Programming IDZ\Programming IDZ.vcxproj", "{B6BD1233-B990-4279-B2AF-C351E21F1C40}"
EndProject
Global
	GlobalSection(SolutionConfigurationPlatforms) = preSolution
		Debug|x64 = Debug|x64
		Debug|x86 = Debug|x86
		Release|x64 = Release|x64
		Release|x86 = Release|x86
	EndGlobalSection
	GlobalSection(ProjectConfigurationPlatforms) = postSolution
		{B6BD1233-B990-4279-B2AF-C351E21F1C40}.Debug|x64.ActiveCfg = Debug|x64
		{B6BD1233-B990-4279-B2AF-C351E21F1C40}.Debug|x64.Build.0 = Debug|x64
		{B6BD1233-B990-4279-B2AF-C351E21F1C40}.Debug|x86.ActiveCfg = Debug|Win32
		{B6BD1233-B990-4279-B2AF-C351E21F1C40}.Debug|x86.Build.0 = Debug|Win32
		{B6BD1233-B990-4279-B2AF-C351E21F1C40}.Release|x64.ActiveCfg = Release|x64
		{B6BD1233-B990-4279-B2AF-C351E21F1C40}.Release|x64.Build.0 = Release|x64
		{B6BD1233-B990-4279-B2AF-C351E21F1C40}.Release|x86.ActiveCfg = Release|Win32
		{B6BD1233-B990-4279-B2AF-C351E21F1C40}.Release|x86.Build.0 = Release|Win32
	EndGlobalSection
	GlobalSection(SolutionProperties) = preSolution
		HideSolutionNode = FALSE
	EndGlobalSection
	GlobalSection(ExtensibilityGlobals) = postSolution
		SolutionGuid = {110E15E2-0EAD-40A1-A1E3-1EA4244E22F5}
	EndGlobalSection
EndGlobal
