
Microsoft Visual Studio Solution File, Format Version 12.00
# Visual Studio Version 17
VisualStudioVersion = 17.5.33530.505
MinimumVisualStudioVersion = 10.0.40219.1
Project("{8BC9CEB8-8B4A-11D0-8D11-00A0C91BC942}") = "[NM] 6.6", "[NM] 6.6.vcxproj", "{54EAB5F7-6A11-4B2D-B539-B1668B0DEA1F}"
EndProject
Global
	GlobalSection(SolutionConfigurationPlatforms) = preSolution
		Debug|x64 = Debug|x64
		Debug|x86 = Debug|x86
		Release|x64 = Release|x64
		Release|x86 = Release|x86
	EndGlobalSection
	GlobalSection(ProjectConfigurationPlatforms) = postSolution
		{54EAB5F7-6A11-4B2D-B539-B1668B0DEA1F}.Debug|x64.ActiveCfg = Debug|x64
		{54EAB5F7-6A11-4B2D-B539-B1668B0DEA1F}.Debug|x64.Build.0 = Debug|x64
		{54EAB5F7-6A11-4B2D-B539-B1668B0DEA1F}.Debug|x86.ActiveCfg = Debug|Win32
		{54EAB5F7-6A11-4B2D-B539-B1668B0DEA1F}.Debug|x86.Build.0 = Debug|Win32
		{54EAB5F7-6A11-4B2D-B539-B1668B0DEA1F}.Release|x64.ActiveCfg = Release|x64
		{54EAB5F7-6A11-4B2D-B539-B1668B0DEA1F}.Release|x64.Build.0 = Release|x64
		{54EAB5F7-6A11-4B2D-B539-B1668B0DEA1F}.Release|x86.ActiveCfg = Release|Win32
		{54EAB5F7-6A11-4B2D-B539-B1668B0DEA1F}.Release|x86.Build.0 = Release|Win32
	EndGlobalSection
	GlobalSection(SolutionProperties) = preSolution
		HideSolutionNode = FALSE
	EndGlobalSection
	GlobalSection(ExtensibilityGlobals) = postSolution
		SolutionGuid = {8EBB3502-B9E1-4AA0-A803-569321BF775C}
	EndGlobalSection
EndGlobal
