
Microsoft Visual Studio Solution File, Format Version 12.00
# Visual Studio Version 16
VisualStudioVersion = 16.0.32510.428
MinimumVisualStudioVersion = 10.0.40219.1
Project("{8BC9CEB8-8B4A-11D0-8D11-00A0C91BC942}") = "proga7.1 [students]", "proga7.1 [students]\proga7.1 [students].vcxproj", "{A5BD2495-7CEF-46A3-9339-829348A5CC36}"
EndProject
Global
	GlobalSection(SolutionConfigurationPlatforms) = preSolution
		Debug|x64 = Debug|x64
		Debug|x86 = Debug|x86
		Release|x64 = Release|x64
		Release|x86 = Release|x86
	EndGlobalSection
	GlobalSection(ProjectConfigurationPlatforms) = postSolution
		{A5BD2495-7CEF-46A3-9339-829348A5CC36}.Debug|x64.ActiveCfg = Debug|x64
		{A5BD2495-7CEF-46A3-9339-829348A5CC36}.Debug|x64.Build.0 = Debug|x64
		{A5BD2495-7CEF-46A3-9339-829348A5CC36}.Debug|x86.ActiveCfg = Debug|Win32
		{A5BD2495-7CEF-46A3-9339-829348A5CC36}.Debug|x86.Build.0 = Debug|Win32
		{A5BD2495-7CEF-46A3-9339-829348A5CC36}.Release|x64.ActiveCfg = Release|x64
		{A5BD2495-7CEF-46A3-9339-829348A5CC36}.Release|x64.Build.0 = Release|x64
		{A5BD2495-7CEF-46A3-9339-829348A5CC36}.Release|x86.ActiveCfg = Release|Win32
		{A5BD2495-7CEF-46A3-9339-829348A5CC36}.Release|x86.Build.0 = Release|Win32
	EndGlobalSection
	GlobalSection(SolutionProperties) = preSolution
		HideSolutionNode = FALSE
	EndGlobalSection
	GlobalSection(ExtensibilityGlobals) = postSolution
		SolutionGuid = {EF154C8E-261B-4FA9-97DE-31C51B7CADD2}
	EndGlobalSection
EndGlobal
