
Microsoft Visual Studio Solution File, Format Version 12.00
# Visual Studio Version 16
VisualStudioVersion = 16.0.31624.102
MinimumVisualStudioVersion = 10.0.40219.1
Project("{8BC9CEB8-8B4A-11D0-8D11-00A0C91BC942}") = "tech proga kr", "tech proga kr\tech proga kr.vcxproj", "{035C0C6C-A068-454C-BA82-DA3DAF757A96}"
EndProject
Global
	GlobalSection(SolutionConfigurationPlatforms) = preSolution
		Debug|x64 = Debug|x64
		Debug|x86 = Debug|x86
		Release|x64 = Release|x64
		Release|x86 = Release|x86
	EndGlobalSection
	GlobalSection(ProjectConfigurationPlatforms) = postSolution
		{035C0C6C-A068-454C-BA82-DA3DAF757A96}.Debug|x64.ActiveCfg = Debug|x64
		{035C0C6C-A068-454C-BA82-DA3DAF757A96}.Debug|x64.Build.0 = Debug|x64
		{035C0C6C-A068-454C-BA82-DA3DAF757A96}.Debug|x86.ActiveCfg = Debug|Win32
		{035C0C6C-A068-454C-BA82-DA3DAF757A96}.Debug|x86.Build.0 = Debug|Win32
		{035C0C6C-A068-454C-BA82-DA3DAF757A96}.Release|x64.ActiveCfg = Release|x64
		{035C0C6C-A068-454C-BA82-DA3DAF757A96}.Release|x64.Build.0 = Release|x64
		{035C0C6C-A068-454C-BA82-DA3DAF757A96}.Release|x86.ActiveCfg = Release|Win32
		{035C0C6C-A068-454C-BA82-DA3DAF757A96}.Release|x86.Build.0 = Release|Win32
	EndGlobalSection
	GlobalSection(SolutionProperties) = preSolution
		HideSolutionNode = FALSE
	EndGlobalSection
	GlobalSection(ExtensibilityGlobals) = postSolution
		SolutionGuid = {F47185AF-D130-4FEC-B08D-E563B363DAD9}
	EndGlobalSection
EndGlobal
