
Microsoft Visual Studio Solution File, Format Version 12.00
# Visual Studio Version 16
VisualStudioVersion = 16.0.32510.428
MinimumVisualStudioVersion = 10.0.40219.1
Project("{FAE04EC0-301F-11D3-BF4B-00C04F79EFBC}") = "ChessGame", "ChessGame\ChessGame.csproj", "{F41CA1DF-4F42-44EE-8A77-FA51E579D971}"
EndProject
Global
	GlobalSection(SolutionConfigurationPlatforms) = preSolution
		Debug|Any CPU = Debug|Any CPU
		Release|Any CPU = Release|Any CPU
	EndGlobalSection
	GlobalSection(ProjectConfigurationPlatforms) = postSolution
		{F41CA1DF-4F42-44EE-8A77-FA51E579D971}.Debug|Any CPU.ActiveCfg = Debug|Any CPU
		{F41CA1DF-4F42-44EE-8A77-FA51E579D971}.Debug|Any CPU.Build.0 = Debug|Any CPU
		{F41CA1DF-4F42-44EE-8A77-FA51E579D971}.Release|Any CPU.ActiveCfg = Release|Any CPU
		{F41CA1DF-4F42-44EE-8A77-FA51E579D971}.Release|Any CPU.Build.0 = Release|Any CPU
	EndGlobalSection
	GlobalSection(SolutionProperties) = preSolution
		HideSolutionNode = FALSE
	EndGlobalSection
	GlobalSection(ExtensibilityGlobals) = postSolution
		SolutionGuid = {F5D892A2-28E6-4CE8-88C9-258C2959F56F}
	EndGlobalSection
EndGlobal
