
Microsoft Visual Studio Solution File, Format Version 12.00
# Visual Studio Version 17
VisualStudioVersion = 17.5.33530.505
MinimumVisualStudioVersion = 10.0.40219.1
Project("{8BC9CEB8-8B4A-11D0-8D11-00A0C91BC942}") = "[NM] 5.3.1", "[NM] 5.3.1.vcxproj", "{442EF47E-5B8B-424D-95C6-5CF450D2130C}"
EndProject
Global
	GlobalSection(SolutionConfigurationPlatforms) = preSolution
		Debug|x64 = Debug|x64
		Debug|x86 = Debug|x86
		Release|x64 = Release|x64
		Release|x86 = Release|x86
	EndGlobalSection
	GlobalSection(ProjectConfigurationPlatforms) = postSolution
		{442EF47E-5B8B-424D-95C6-5CF450D2130C}.Debug|x64.ActiveCfg = Debug|x64
		{442EF47E-5B8B-424D-95C6-5CF450D2130C}.Debug|x64.Build.0 = Debug|x64
		{442EF47E-5B8B-424D-95C6-5CF450D2130C}.Debug|x86.ActiveCfg = Debug|Win32
		{442EF47E-5B8B-424D-95C6-5CF450D2130C}.Debug|x86.Build.0 = Debug|Win32
		{442EF47E-5B8B-424D-95C6-5CF450D2130C}.Release|x64.ActiveCfg = Release|x64
		{442EF47E-5B8B-424D-95C6-5CF450D2130C}.Release|x64.Build.0 = Release|x64
		{442EF47E-5B8B-424D-95C6-5CF450D2130C}.Release|x86.ActiveCfg = Release|Win32
		{442EF47E-5B8B-424D-95C6-5CF450D2130C}.Release|x86.Build.0 = Release|Win32
	EndGlobalSection
	GlobalSection(SolutionProperties) = preSolution
		HideSolutionNode = FALSE
	EndGlobalSection
	GlobalSection(ExtensibilityGlobals) = postSolution
		SolutionGuid = {311D0AE7-3C96-4327-864D-D7C945497D7F}
	EndGlobalSection
EndGlobal
